
Microsoft Visual Studio Solution File, Format Version 12.00
# Visual Studio Version 17
VisualStudioVersion = 17.7.34031.279
MinimumVisualStudioVersion = 10.0.40219.1
Project("{9A19103F-16F7-4668-BE54-9A1E7A4F7556}") = "GoodExample", "ConsoleApp8\GoodExample.csproj", "{50C35A44-3323-4F66-852A-B24EF2A02595}"
EndProject
Project("{FAE04EC0-301F-11D3-BF4B-00C04F79EFBC}") = "BadExample", "BadExample\BadExample.csproj", "{337FFAC6-65B1-45F7-9C29-9D5C1E083DDA}"
EndProject
Global
	GlobalSection(SolutionConfigurationPlatforms) = preSolution
		Debug|Any CPU = Debug|Any CPU
		Release|Any CPU = Release|Any CPU
	EndGlobalSection
	GlobalSection(ProjectConfigurationPlatforms) = postSolution
		{50C35A44-3323-4F66-852A-B24EF2A02595}.Debug|Any CPU.ActiveCfg = Debug|Any CPU
		{50C35A44-3323-4F66-852A-B24EF2A02595}.Debug|Any CPU.Build.0 = Debug|Any CPU
		{50C35A44-3323-4F66-852A-B24EF2A02595}.Release|Any CPU.ActiveCfg = Release|Any CPU
		{50C35A44-3323-4F66-852A-B24EF2A02595}.Release|Any CPU.Build.0 = Release|Any CPU
		{337FFAC6-65B1-45F7-9C29-9D5C1E083DDA}.Debug|Any CPU.ActiveCfg = Debug|Any CPU
		{337FFAC6-65B1-45F7-9C29-9D5C1E083DDA}.Debug|Any CPU.Build.0 = Debug|Any CPU
		{337FFAC6-65B1-45F7-9C29-9D5C1E083DDA}.Release|Any CPU.ActiveCfg = Release|Any CPU
		{337FFAC6-65B1-45F7-9C29-9D5C1E083DDA}.Release|Any CPU.Build.0 = Release|Any CPU
	EndGlobalSection
	GlobalSection(SolutionProperties) = preSolution
		HideSolutionNode = FALSE
	EndGlobalSection
	GlobalSection(ExtensibilityGlobals) = postSolution
		SolutionGuid = {D126B75B-2F9A-4188-9DD3-BB16820835E7}
	EndGlobalSection
EndGlobal
